
Microsoft Visual Studio Solution File, Format Version 12.00
# Visual Studio Version 16
VisualStudioVersion = 16.0.32126.315
MinimumVisualStudioVersion = 10.0.40219.1
Project("{FAE04EC0-301F-11D3-BF4B-00C04F79EFBC}") = "HomeWork6", "HomeWork6\HomeWork6.csproj", "{E076D60E-8B96-475C-9E43-55840942463C}"
EndProject
Global
	GlobalSection(SolutionConfigurationPlatforms) = preSolution
		Debug|Any CPU = Debug|Any CPU
		Release|Any CPU = Release|Any CPU
	EndGlobalSection
	GlobalSection(ProjectConfigurationPlatforms) = postSolution
		{E076D60E-8B96-475C-9E43-55840942463C}.Debug|Any CPU.ActiveCfg = Debug|Any CPU
		{E076D60E-8B96-475C-9E43-55840942463C}.Debug|Any CPU.Build.0 = Debug|Any CPU
		{E076D60E-8B96-475C-9E43-55840942463C}.Release|Any CPU.ActiveCfg = Release|Any CPU
		{E076D60E-8B96-475C-9E43-55840942463C}.Release|Any CPU.Build.0 = Release|Any CPU
	EndGlobalSection
	GlobalSection(SolutionProperties) = preSolution
		HideSolutionNode = FALSE
	EndGlobalSection
	GlobalSection(ExtensibilityGlobals) = postSolution
		SolutionGuid = {BE0E47DB-4025-443D-844F-84C9FD194CFD}
	EndGlobalSection
EndGlobal
